
Microsoft Visual Studio Solution File, Format Version 12.00
# Visual Studio Version 16
VisualStudioVersion = 16.0.29201.188
MinimumVisualStudioVersion = 10.0.40219.1
Project("{F2A71F9B-5D33-465A-A702-920D77279786}") = "combinatorical-auction", "combinatorical-auction\combinatorical-auction.fsproj", "{E081D728-EB13-4924-8CA2-219DE88C265C}"
EndProject
Global
	GlobalSection(SolutionConfigurationPlatforms) = preSolution
		Debug|Any CPU = Debug|Any CPU
		Release|Any CPU = Release|Any CPU
	EndGlobalSection
	GlobalSection(ProjectConfigurationPlatforms) = postSolution
		{E081D728-EB13-4924-8CA2-219DE88C265C}.Debug|Any CPU.ActiveCfg = Debug|Any CPU
		{E081D728-EB13-4924-8CA2-219DE88C265C}.Debug|Any CPU.Build.0 = Debug|Any CPU
		{E081D728-EB13-4924-8CA2-219DE88C265C}.Release|Any CPU.ActiveCfg = Release|Any CPU
		{E081D728-EB13-4924-8CA2-219DE88C265C}.Release|Any CPU.Build.0 = Release|Any CPU
	EndGlobalSection
	GlobalSection(SolutionProperties) = preSolution
		HideSolutionNode = FALSE
	EndGlobalSection
	GlobalSection(ExtensibilityGlobals) = postSolution
		SolutionGuid = {F7061A46-7796-4AA1-85DD-9B30E7EE2D25}
	EndGlobalSection
EndGlobal
